
Microsoft Visual Studio Solution File, Format Version 12.00
# Visual Studio Version 16
VisualStudioVersion = 16.0.32002.261
MinimumVisualStudioVersion = 10.0.40219.1
Project("{FAE04EC0-301F-11D3-BF4B-00C04F79EFBC}") = "14 Laba", "14 Laba\14 Laba.csproj", "{6BA52208-D050-4AB5-B4C6-18402609D4F8}"
EndProject
Project("{FAE04EC0-301F-11D3-BF4B-00C04F79EFBC}") = "Задача 14.1", "Задача 14.1\Задача 14.1.csproj", "{152FDFCE-8BF8-422A-B179-939FD037B0F0}"
EndProject
Global
	GlobalSection(SolutionConfigurationPlatforms) = preSolution
		Debug|Any CPU = Debug|Any CPU
		Release|Any CPU = Release|Any CPU
	EndGlobalSection
	GlobalSection(ProjectConfigurationPlatforms) = postSolution
		{6BA52208-D050-4AB5-B4C6-18402609D4F8}.Debug|Any CPU.ActiveCfg = Debug|Any CPU
		{6BA52208-D050-4AB5-B4C6-18402609D4F8}.Debug|Any CPU.Build.0 = Debug|Any CPU
		{6BA52208-D050-4AB5-B4C6-18402609D4F8}.Release|Any CPU.ActiveCfg = Release|Any CPU
		{6BA52208-D050-4AB5-B4C6-18402609D4F8}.Release|Any CPU.Build.0 = Release|Any CPU
		{152FDFCE-8BF8-422A-B179-939FD037B0F0}.Debug|Any CPU.ActiveCfg = Debug|Any CPU
		{152FDFCE-8BF8-422A-B179-939FD037B0F0}.Debug|Any CPU.Build.0 = Debug|Any CPU
		{152FDFCE-8BF8-422A-B179-939FD037B0F0}.Release|Any CPU.ActiveCfg = Release|Any CPU
		{152FDFCE-8BF8-422A-B179-939FD037B0F0}.Release|Any CPU.Build.0 = Release|Any CPU
	EndGlobalSection
	GlobalSection(SolutionProperties) = preSolution
		HideSolutionNode = FALSE
	EndGlobalSection
	GlobalSection(ExtensibilityGlobals) = postSolution
		SolutionGuid = {E2C1668A-89C2-4B02-A6EC-570ADEBAE2F4}
	EndGlobalSection
EndGlobal
